
Microsoft Visual Studio Solution File, Format Version 12.00
# Visual Studio 14
VisualStudioVersion = 14.0.23107.0
MinimumVisualStudioVersion = 10.0.40219.1
Project("{FAE04EC0-301F-11D3-BF4B-00C04F79EFBC}") = "epay3.Web.Api.Sdk", "epay3.Web.Api.Sdk\epay3.Web.Api.Sdk.csproj", "{34B12ECB-7856-41F6-A9F5-5EF54E6065F9}"
EndProject
Project("{FAE04EC0-301F-11D3-BF4B-00C04F79EFBC}") = "epay3.Web.Api.Tests", "epay3.Web.Api.Tests\epay3.Web.Api.Tests.csproj", "{2774F10F-6674-42BB-B2D6-AA1FB481CCE5}"
EndProject
Global
	GlobalSection(SolutionConfigurationPlatforms) = preSolution
		Debug|Any CPU = Debug|Any CPU
		Release|Any CPU = Release|Any CPU
	EndGlobalSection
	GlobalSection(ProjectConfigurationPlatforms) = postSolution
		{34B12ECB-7856-41F6-A9F5-5EF54E6065F9}.Debug|Any CPU.ActiveCfg = Debug|Any CPU
		{34B12ECB-7856-41F6-A9F5-5EF54E6065F9}.Debug|Any CPU.Build.0 = Debug|Any CPU
		{34B12ECB-7856-41F6-A9F5-5EF54E6065F9}.Release|Any CPU.ActiveCfg = Release|Any CPU
		{34B12ECB-7856-41F6-A9F5-5EF54E6065F9}.Release|Any CPU.Build.0 = Release|Any CPU
		{2774F10F-6674-42BB-B2D6-AA1FB481CCE5}.Debug|Any CPU.ActiveCfg = Debug|Any CPU
		{2774F10F-6674-42BB-B2D6-AA1FB481CCE5}.Debug|Any CPU.Build.0 = Debug|Any CPU
		{2774F10F-6674-42BB-B2D6-AA1FB481CCE5}.Release|Any CPU.ActiveCfg = Release|Any CPU
		{2774F10F-6674-42BB-B2D6-AA1FB481CCE5}.Release|Any CPU.Build.0 = Release|Any CPU
	EndGlobalSection
	GlobalSection(SolutionProperties) = preSolution
		HideSolutionNode = FALSE
	EndGlobalSection
EndGlobal
